
Microsoft Visual Studio Solution File, Format Version 12.00
# Visual Studio Version 16
VisualStudioVersion = 16.0.30413.136
MinimumVisualStudioVersion = 10.0.40219.1
Project("{2150E333-8FDC-42A3-9474-1A3956D46DE8}") = "src", "src", "{4E1343CD-811E-4171-9072-698C7B66FF1F}"
EndProject
Project("{2150E333-8FDC-42A3-9474-1A3956D46DE8}") = "test", "test", "{1FD3E428-A5C0-4D75-82A3-9EC913DD88E4}"
EndProject
Project("{FAE04EC0-301F-11D3-BF4B-00C04F79EFBC}") = "Smairo.MSFS2020.SimConnector", "src\Smairo.MSFS2020.SimConnector\Smairo.MSFS2020.SimConnector.csproj", "{AC8E91DF-F575-4353-A236-42EA9C6E9F7D}"
EndProject
Project("{FAE04EC0-301F-11D3-BF4B-00C04F79EFBC}") = "Smairo.MSFS2020.Model", "src\Smairo.MSFS2020.Model\Smairo.MSFS2020.Model.csproj", "{0385055B-CBE8-4A09-A14A-A2D706BC207B}"
EndProject
Global
	GlobalSection(SolutionConfigurationPlatforms) = preSolution
		Debug|Any CPU = Debug|Any CPU
		Debug|x64 = Debug|x64
		Release|Any CPU = Release|Any CPU
		Release|x64 = Release|x64
	EndGlobalSection
	GlobalSection(ProjectConfigurationPlatforms) = postSolution
		{AC8E91DF-F575-4353-A236-42EA9C6E9F7D}.Debug|Any CPU.ActiveCfg = Debug|x64
		{AC8E91DF-F575-4353-A236-42EA9C6E9F7D}.Debug|Any CPU.Build.0 = Debug|x64
		{AC8E91DF-F575-4353-A236-42EA9C6E9F7D}.Debug|x64.ActiveCfg = Debug|x64
		{AC8E91DF-F575-4353-A236-42EA9C6E9F7D}.Debug|x64.Build.0 = Debug|x64
		{AC8E91DF-F575-4353-A236-42EA9C6E9F7D}.Release|Any CPU.ActiveCfg = Release|Any CPU
		{AC8E91DF-F575-4353-A236-42EA9C6E9F7D}.Release|Any CPU.Build.0 = Release|Any CPU
		{AC8E91DF-F575-4353-A236-42EA9C6E9F7D}.Release|x64.ActiveCfg = Release|x64
		{AC8E91DF-F575-4353-A236-42EA9C6E9F7D}.Release|x64.Build.0 = Release|x64
		{0385055B-CBE8-4A09-A14A-A2D706BC207B}.Debug|Any CPU.ActiveCfg = Debug|Any CPU
		{0385055B-CBE8-4A09-A14A-A2D706BC207B}.Debug|Any CPU.Build.0 = Debug|Any CPU
		{0385055B-CBE8-4A09-A14A-A2D706BC207B}.Debug|x64.ActiveCfg = Debug|Any CPU
		{0385055B-CBE8-4A09-A14A-A2D706BC207B}.Debug|x64.Build.0 = Debug|Any CPU
		{0385055B-CBE8-4A09-A14A-A2D706BC207B}.Release|Any CPU.ActiveCfg = Release|Any CPU
		{0385055B-CBE8-4A09-A14A-A2D706BC207B}.Release|Any CPU.Build.0 = Release|Any CPU
		{0385055B-CBE8-4A09-A14A-A2D706BC207B}.Release|x64.ActiveCfg = Release|Any CPU
		{0385055B-CBE8-4A09-A14A-A2D706BC207B}.Release|x64.Build.0 = Release|Any CPU
	EndGlobalSection
	GlobalSection(SolutionProperties) = preSolution
		HideSolutionNode = FALSE
	EndGlobalSection
	GlobalSection(NestedProjects) = preSolution
		{AC8E91DF-F575-4353-A236-42EA9C6E9F7D} = {4E1343CD-811E-4171-9072-698C7B66FF1F}
		{0385055B-CBE8-4A09-A14A-A2D706BC207B} = {4E1343CD-811E-4171-9072-698C7B66FF1F}
	EndGlobalSection
	GlobalSection(ExtensibilityGlobals) = postSolution
		SolutionGuid = {76006F9F-E198-45B1-A749-631460150BE3}
	EndGlobalSection
EndGlobal
